# This file was autogenerated by Stack.
# You should not edit this file by hand.
# For more information, please see the documentation at:
#   https://docs.haskellstack.org/en/stable/lock_files

packages:
- completed:
    hackage: quickspec-2.1.2@sha256:45293f0dde8c007886a4e59a53ff689f54cedeb5f6bd677e77b0225059af3264,3654
    pantry-tree:
      size: 3032
      sha256: f6cbfc746a82592d2a9c925951a13b946cbd548d767d10ceabc33ba520f1daac
  original:
    hackage: quickspec-2.1.2@sha256:45293f0dde8c007886a4e59a53ff689f54cedeb5f6bd677e77b0225059af3264,3654
- completed:
    hackage: twee-lib-2.2@sha256:9fe9327505d8f450a94f2fc9eea74b292901b7992d520aa1dd4f0410fbe0e594,2112
    pantry-tree:
      size: 1487
      sha256: 0356be78a4720251536932d2253f75eb1f97b26c61260e566b5e8e05642d5349
  original:
    hackage: twee-lib-2.2@sha256:9fe9327505d8f450a94f2fc9eea74b292901b7992d520aa1dd4f0410fbe0e594,2112
snapshots:
- completed:
    size: 488576
    url: https://raw.githubusercontent.com/commercialhaskell/stackage-snapshots/master/lts/15/0.yaml
    sha256: e4b6a87b47ec1cf63a7f1a0884a3b276fce2b0d174a10e8753c4f618e7983568
  original: lts-15.0
